<?xml version="1.0" encoding="UTF-8"?>
<!DOCTYPE plist PUBLIC "-//Apple//DTD PLIST 1.0//EN" "http://www.apple.com/DTDs/PropertyList-1.0.dtd">
<plist version="1.0">
<dict>
	<key>archiveVersion</key>
	<string>1</string>
	<key>classes</key>
	<dict/>
	<key>objectVersion</key>
	<string>56</string>
	<key>objects</key>
	<dict>
		<key>794F1E9549776BAA3FFB3A11</key>
		<dict>
			<key>isa</key>
			<string>PBXFileReference</string>
			<key>lastKnownFileType</key>
			<string>sourcecode.swift</string>
			<key>path</key>
			<string>Sources/BendCore/FoldSettings.swift</string>
			<key>sourceTree</key>
			<string>SOURCE_ROOT</string>
		</dict>
		<key>F20A9AE1269C7D4B9C57961F</key>
		<dict>
			<key>isa</key>
			<string>PBXBuildFile</string>
			<key>fileRef</key>
			<string>794F1E9549776BAA3FFB3A11</string>
		</dict>
		<key>098B1739F8FB0B13160B14A1</key>
		<dict>
			<key>isa</key>
			<string>PBXFileReference</string>
			<key>lastKnownFileType</key>
			<string>sourcecode.swift</string>
			<key>path</key>
			<string>Sources/BendCore/LidSensor.swift</string>
			<key>sourceTree</key>
			<string>SOURCE_ROOT</string>
		</dict>
		<key>60FB2EEBB7A115210876E94B</key>
		<dict>
			<key>isa</key>
			<string>PBXBuildFile</string>
			<key>fileRef</key>
			<string>098B1739F8FB0B13160B14A1</string>
		</dict>
		<key>DEF8AAF95F6054D25910EF49</key>
		<dict>
			<key>isa</key>
			<string>PBXFileReference</string>
			<key>lastKnownFileType</key>
			<string>sourcecode.swift</string>
			<key>path</key>
			<string>Sources/BendMe/AppModel.swift</string>
			<key>sourceTree</key>
			<string>SOURCE_ROOT</string>
		</dict>
		<key>3D3B57141F26EA3D2F734C1A</key>
		<dict>
			<key>isa</key>
			<string>PBXBuildFile</string>
			<key>fileRef</key>
			<string>DEF8AAF95F6054D25910EF49</string>
		</dict>
		<key>32DCA9BF4A01A12E82F5FDFD</key>
		<dict>
			<key>isa</key>
			<string>PBXFileReference</string>
			<key>lastKnownFileType</key>
			<string>sourcecode.swift</string>
			<key>path</key>
			<string>Sources/BendMe/BendMeMain.swift</string>
			<key>sourceTree</key>
			<string>SOURCE_ROOT</string>
		</dict>
		<key>56F1A7E92C608ABDAC41C53E</key>
		<dict>
			<key>isa</key>
			<string>PBXBuildFile</string>
			<key>fileRef</key>
			<string>32DCA9BF4A01A12E82F5FDFD</string>
		</dict>
		<key>F623D9BCDD7C035800EA6384</key>
		<dict>
			<key>isa</key>
			<string>PBXFileReference</string>
			<key>lastKnownFileType</key>
			<string>sourcecode.swift</string>
			<key>path</key>
			<string>Sources/BendMe/DesktopCapture.swift</string>
			<key>sourceTree</key>
			<string>SOURCE_ROOT</string>
		</dict>
		<key>496EC56761E9AAC01911C1C7</key>
		<dict>
			<key>isa</key>
			<string>PBXBuildFile</string>
			<key>fileRef</key>
			<string>F623D9BCDD7C035800EA6384</string>
		</dict>
		<key>6E59BDE8E76B95594C2387EE</key>
		<dict>
			<key>isa</key>
			<string>PBXFileReference</string>
			<key>lastKnownFileType</key>
			<string>sourcecode.swift</string>
			<key>path</key>
			<string>Sources/BendMe/Diagnostics.swift</string>
			<key>sourceTree</key>
			<string>SOURCE_ROOT</string>
		</dict>
		<key>D1CD2D95F0240B754C7742B9</key>
		<dict>
			<key>isa</key>
			<string>PBXBuildFile</string>
			<key>fileRef</key>
			<string>6E59BDE8E76B95594C2387EE</string>
		</dict>
		<key>330ADBDAACA9ECAC8072390C</key>
		<dict>
			<key>isa</key>
			<string>PBXFileReference</string>
			<key>lastKnownFileType</key>
			<string>sourcecode.swift</string>
			<key>path</key>
			<string>Sources/BendMe/MetalRenderer.swift</string>
			<key>sourceTree</key>
			<string>SOURCE_ROOT</string>
		</dict>
		<key>A3DFC2BB4DC7A89F466AFD24</key>
		<dict>
			<key>isa</key>
			<string>PBXBuildFile</string>
			<key>fileRef</key>
			<string>330ADBDAACA9ECAC8072390C</string>
		</dict>
		<key>0C686C1BE31B08F7EF8B5513</key>
		<dict>
			<key>isa</key>
			<string>PBXFileReference</string>
			<key>lastKnownFileType</key>
			<string>sourcecode.swift</string>
			<key>path</key>
			<string>Sources/BendMe/PreviewArtwork.swift</string>
			<key>sourceTree</key>
			<string>SOURCE_ROOT</string>
		</dict>
		<key>B1EAA10A4B49495FE6CF1CDE</key>
		<dict>
			<key>isa</key>
			<string>PBXBuildFile</string>
			<key>fileRef</key>
			<string>0C686C1BE31B08F7EF8B5513</string>
		</dict>
		<key>8230F14DB840F178440DE143</key>
		<dict>
			<key>isa</key>
			<string>PBXFileReference</string>
			<key>lastKnownFileType</key>
			<string>sourcecode.swift</string>
			<key>path</key>
			<string>Sources/BendMe/SettingsView.swift</string>
			<key>sourceTree</key>
			<string>SOURCE_ROOT</string>
		</dict>
		<key>D1CF32B38F99AA8ACA97C90F</key>
		<dict>
			<key>isa</key>
			<string>PBXBuildFile</string>
			<key>fileRef</key>
			<string>8230F14DB840F178440DE143</string>
		</dict>
		<key>83C97E4D6289F467EFD2862B</key>
		<dict>
			<key>isa</key>
			<string>PBXFileReference</string>
			<key>lastKnownFileType</key>
			<string>folder.assetcatalog</string>
			<key>path</key>
			<string>distribution/Assets.xcassets</string>
			<key>sourceTree</key>
			<string>SOURCE_ROOT</string>
		</dict>
		<key>54015B61B8F48972B9609346</key>
		<dict>
			<key>isa</key>
			<string>PBXBuildFile</string>
			<key>fileRef</key>
			<string>83C97E4D6289F467EFD2862B</string>
		</dict>
		<key>4EA43C55DA8A06E2FA375805</key>
		<dict>
			<key>isa</key>
			<string>PBXFileReference</string>
			<key>lastKnownFileType</key>
			<string>text.xml</string>
			<key>path</key>
			<string>distribution/PrivacyInfo.xcprivacy</string>
			<key>sourceTree</key>
			<string>SOURCE_ROOT</string>
		</dict>
		<key>B015EDCCE74325812D9E9B22</key>
		<dict>
			<key>isa</key>
			<string>PBXBuildFile</string>
			<key>fileRef</key>
			<string>4EA43C55DA8A06E2FA375805</string>
		</dict>
		<key>A8792157CB4F27FB949C035F</key>
		<dict>
			<key>isa</key>
			<string>PBXFileReference</string>
			<key>explicitFileType</key>
			<string>wrapper.application</string>
			<key>includeInIndex</key>
			<string>0</string>
			<key>path</key>
			<string>BendMe.app</string>
			<key>sourceTree</key>
			<string>BUILT_PRODUCTS_DIR</string>
		</dict>
		<key>0A3E27B8CA818264D75C8D81</key>
		<dict>
			<key>isa</key>
			<string>PBXGroup</string>
			<key>children</key>
			<array>
				<string>A8792157CB4F27FB949C035F</string>
			</array>
			<key>name</key>
			<string>Products</string>
			<key>sourceTree</key>
			<string>&lt;group&gt;</string>
		</dict>
		<key>878A52FC5FF6A57D50B7B870</key>
		<dict>
			<key>isa</key>
			<string>PBXGroup</string>
			<key>children</key>
			<array>
				<string>794F1E9549776BAA3FFB3A11</string>
				<string>098B1739F8FB0B13160B14A1</string>
				<string>DEF8AAF95F6054D25910EF49</string>
				<string>32DCA9BF4A01A12E82F5FDFD</string>
				<string>F623D9BCDD7C035800EA6384</string>
				<string>6E59BDE8E76B95594C2387EE</string>
				<string>330ADBDAACA9ECAC8072390C</string>
				<string>0C686C1BE31B08F7EF8B5513</string>
				<string>8230F14DB840F178440DE143</string>
			</array>
			<key>name</key>
			<string>Sources</string>
			<key>sourceTree</key>
			<string>&lt;group&gt;</string>
		</dict>
		<key>41D311A605520FC7B8B9A980</key>
		<dict>
			<key>isa</key>
			<string>PBXGroup</string>
			<key>children</key>
			<array>
				<string>83C97E4D6289F467EFD2862B</string>
				<string>4EA43C55DA8A06E2FA375805</string>
			</array>
			<key>name</key>
			<string>Resources</string>
			<key>sourceTree</key>
			<string>&lt;group&gt;</string>
		</dict>
		<key>0D6E4079E36703EBD37C0072</key>
		<dict>
			<key>isa</key>
			<string>PBXGroup</string>
			<key>children</key>
			<array>
				<string>878A52FC5FF6A57D50B7B870</string>
				<string>41D311A605520FC7B8B9A980</string>
				<string>0A3E27B8CA818264D75C8D81</string>
			</array>
			<key>sourceTree</key>
			<string>&lt;group&gt;</string>
		</dict>
		<key>8D87B6179F7B5139E85CE3DF</key>
		<dict>
			<key>isa</key>
			<string>PBXSourcesBuildPhase</string>
			<key>buildActionMask</key>
			<string>2147483647</string>
			<key>files</key>
			<array>
				<string>F20A9AE1269C7D4B9C57961F</string>
				<string>60FB2EEBB7A115210876E94B</string>
				<string>3D3B57141F26EA3D2F734C1A</string>
				<string>56F1A7E92C608ABDAC41C53E</string>
				<string>496EC56761E9AAC01911C1C7</string>
				<string>D1CD2D95F0240B754C7742B9</string>
				<string>A3DFC2BB4DC7A89F466AFD24</string>
				<string>B1EAA10A4B49495FE6CF1CDE</string>
				<string>D1CF32B38F99AA8ACA97C90F</string>
			</array>
			<key>runOnlyForDeploymentPostprocessing</key>
			<string>0</string>
		</dict>
		<key>17EFD9DBFC20DE90223EADDB</key>
		<dict>
			<key>isa</key>
			<string>PBXResourcesBuildPhase</string>
			<key>buildActionMask</key>
			<string>2147483647</string>
			<key>files</key>
			<array>
				<string>54015B61B8F48972B9609346</string>
				<string>B015EDCCE74325812D9E9B22</string>
			</array>
			<key>runOnlyForDeploymentPostprocessing</key>
			<string>0</string>
		</dict>
		<key>9FE62AD38B2CE3D4C1A26D8A</key>
		<dict>
			<key>isa</key>
			<string>PBXFrameworksBuildPhase</string>
			<key>buildActionMask</key>
			<string>2147483647</string>
			<key>files</key>
			<array/>
			<key>runOnlyForDeploymentPostprocessing</key>
			<string>0</string>
		</dict>
		<key>BB7031F09A1C5E30A1EF4D9F</key>
		<dict>
			<key>isa</key>
			<string>PBXShellScriptBuildPhase</string>
			<key>buildActionMask</key>
			<string>2147483647</string>
			<key>files</key>
			<array/>
			<key>name</key>
			<string>Bundle Metal shader</string>
			<key>inputPaths</key>
			<array>
				<string>$(SRCROOT)/Sources/BendMe/Resources/Fold.metal</string>
			</array>
			<key>outputPaths</key>
			<array>
				<string>$(TARGET_BUILD_DIR)/$(UNLOCALIZED_RESOURCES_FOLDER_PATH)/BendMe_BendMe.bundle/Resources/Fold.metal</string>
			</array>
			<key>runOnlyForDeploymentPostprocessing</key>
			<string>0</string>
			<key>shellPath</key>
			<string>/bin/sh</string>
			<key>shellScript</key>
			<string>set -eu
destination="${TARGET_BUILD_DIR}/${UNLOCALIZED_RESOURCES_FOLDER_PATH}/BendMe_BendMe.bundle/Resources"
mkdir -p "$destination"
cp "${SRCROOT}/Sources/BendMe/Resources/Fold.metal" "$destination/Fold.metal"
</string>
		</dict>
		<key>7607E060366236497909AD63</key>
		<dict>
			<key>isa</key>
			<string>XCBuildConfiguration</string>
			<key>name</key>
			<string>Debug</string>
			<key>buildSettings</key>
			<dict>
				<key>CLANG_ENABLE_MODULES</key>
				<string>YES</string>
				<key>MACOSX_DEPLOYMENT_TARGET</key>
				<string>14.0</string>
				<key>SDKROOT</key>
				<string>macosx</string>
				<key>SWIFT_VERSION</key>
				<string>5.0</string>
				<key>SWIFT_OPTIMIZATION_LEVEL</key>
				<string>-Onone</string>
				<key>DEBUG_INFORMATION_FORMAT</key>
				<string>dwarf</string>
				<key>ONLY_ACTIVE_ARCH</key>
				<string>YES</string>
			</dict>
		</dict>
		<key>20D16222A5CB9C5786FEB6B3</key>
		<dict>
			<key>isa</key>
			<string>XCBuildConfiguration</string>
			<key>name</key>
			<string>Debug</string>
			<key>buildSettings</key>
			<dict>
				<key>ASSETCATALOG_COMPILER_APPICON_NAME</key>
				<string>AppIcon</string>
				<key>CODE_SIGN_ENTITLEMENTS</key>
				<string>distribution/AppStore.entitlements</string>
				<key>CODE_SIGN_STYLE</key>
				<string>Automatic</string>
				<key>CURRENT_PROJECT_VERSION</key>
				<string>2</string>
				<key>ENABLE_APP_SANDBOX</key>
				<string>YES</string>
				<key>ENABLE_HARDENED_RUNTIME</key>
				<string>YES</string>
				<key>ENABLE_USER_SCRIPT_SANDBOXING</key>
				<string>YES</string>
				<key>GENERATE_INFOPLIST_FILE</key>
				<string>NO</string>
				<key>INFOPLIST_FILE</key>
				<string>distribution/Info.plist</string>
				<key>MARKETING_VERSION</key>
				<string>0.1.1</string>
				<key>PRODUCT_BUNDLE_IDENTIFIER</key>
				<string>com.winsonbaring.bendme</string>
				<key>PRODUCT_NAME</key>
				<string>$(TARGET_NAME)</string>
				<key>SUPPORTED_PLATFORMS</key>
				<string>macosx</string>
				<key>ARCHS</key>
				<string>arm64</string>
				<key>COMBINE_HIDPI_IMAGES</key>
				<string>YES</string>
				<key>LD_RUNPATH_SEARCH_PATHS</key>
				<array>
					<string>$(inherited)</string>
					<string>@executable_path/../Frameworks</string>
				</array>
				<key>SWIFT_EMIT_LOC_STRINGS</key>
				<string>YES</string>
				<key>SWIFT_ACTIVE_COMPILATION_CONDITIONS</key>
				<string>DEBUG</string>
			</dict>
		</dict>
		<key>0CC31A010A9EAFED2597BEBC</key>
		<dict>
			<key>isa</key>
			<string>XCBuildConfiguration</string>
			<key>name</key>
			<string>Release</string>
			<key>buildSettings</key>
			<dict>
				<key>CLANG_ENABLE_MODULES</key>
				<string>YES</string>
				<key>MACOSX_DEPLOYMENT_TARGET</key>
				<string>14.0</string>
				<key>SDKROOT</key>
				<string>macosx</string>
				<key>SWIFT_VERSION</key>
				<string>5.0</string>
				<key>SWIFT_OPTIMIZATION_LEVEL</key>
				<string>-O</string>
				<key>DEBUG_INFORMATION_FORMAT</key>
				<string>dwarf-with-dsym</string>
				<key>ONLY_ACTIVE_ARCH</key>
				<string>NO</string>
			</dict>
		</dict>
		<key>A74CFA757CE7CA1700BC6197</key>
		<dict>
			<key>isa</key>
			<string>XCBuildConfiguration</string>
			<key>name</key>
			<string>Release</string>
			<key>buildSettings</key>
			<dict>
				<key>ASSETCATALOG_COMPILER_APPICON_NAME</key>
				<string>AppIcon</string>
				<key>CODE_SIGN_ENTITLEMENTS</key>
				<string>distribution/AppStore.entitlements</string>
				<key>CODE_SIGN_STYLE</key>
				<string>Automatic</string>
				<key>CURRENT_PROJECT_VERSION</key>
				<string>2</string>
				<key>ENABLE_APP_SANDBOX</key>
				<string>YES</string>
				<key>ENABLE_HARDENED_RUNTIME</key>
				<string>YES</string>
				<key>ENABLE_USER_SCRIPT_SANDBOXING</key>
				<string>YES</string>
				<key>GENERATE_INFOPLIST_FILE</key>
				<string>NO</string>
				<key>INFOPLIST_FILE</key>
				<string>distribution/Info.plist</string>
				<key>MARKETING_VERSION</key>
				<string>0.1.1</string>
				<key>PRODUCT_BUNDLE_IDENTIFIER</key>
				<string>com.winsonbaring.bendme</string>
				<key>PRODUCT_NAME</key>
				<string>$(TARGET_NAME)</string>
				<key>SUPPORTED_PLATFORMS</key>
				<string>macosx</string>
				<key>ARCHS</key>
				<string>arm64</string>
				<key>COMBINE_HIDPI_IMAGES</key>
				<string>YES</string>
				<key>LD_RUNPATH_SEARCH_PATHS</key>
				<array>
					<string>$(inherited)</string>
					<string>@executable_path/../Frameworks</string>
				</array>
				<key>SWIFT_EMIT_LOC_STRINGS</key>
				<string>YES</string>
				<key>SWIFT_ACTIVE_COMPILATION_CONDITIONS</key>
				<string></string>
			</dict>
		</dict>
		<key>DF10D92617D0252A0BF9C919</key>
		<dict>
			<key>isa</key>
			<string>XCConfigurationList</string>
			<key>buildConfigurations</key>
			<array>
				<string>7607E060366236497909AD63</string>
				<string>0CC31A010A9EAFED2597BEBC</string>
			</array>
			<key>defaultConfigurationIsVisible</key>
			<string>0</string>
			<key>defaultConfigurationName</key>
			<string>Release</string>
		</dict>
		<key>78F249D9140B5D7B47DA2B7D</key>
		<dict>
			<key>isa</key>
			<string>XCConfigurationList</string>
			<key>buildConfigurations</key>
			<array>
				<string>20D16222A5CB9C5786FEB6B3</string>
				<string>A74CFA757CE7CA1700BC6197</string>
			</array>
			<key>defaultConfigurationIsVisible</key>
			<string>0</string>
			<key>defaultConfigurationName</key>
			<string>Release</string>
		</dict>
		<key>34A04005BCAF206EEC990BD9</key>
		<dict>
			<key>isa</key>
			<string>PBXNativeTarget</string>
			<key>buildConfigurationList</key>
			<string>78F249D9140B5D7B47DA2B7D</string>
			<key>buildPhases</key>
			<array>
				<string>8D87B6179F7B5139E85CE3DF</string>
				<string>9FE62AD38B2CE3D4C1A26D8A</string>
				<string>17EFD9DBFC20DE90223EADDB</string>
				<string>BB7031F09A1C5E30A1EF4D9F</string>
			</array>
			<key>buildRules</key>
			<array/>
			<key>dependencies</key>
			<array/>
			<key>name</key>
			<string>BendMe</string>
			<key>productName</key>
			<string>BendMe</string>
			<key>productReference</key>
			<string>A8792157CB4F27FB949C035F</string>
			<key>productType</key>
			<string>com.apple.product-type.application</string>
		</dict>
		<key>244210E48437B6556980A702</key>
		<dict>
			<key>isa</key>
			<string>PBXProject</string>
			<key>attributes</key>
			<dict>
				<key>BuildIndependentTargetsInParallel</key>
				<string>YES</string>
				<key>LastUpgradeCheck</key>
				<string>2600</string>
			</dict>
			<key>buildConfigurationList</key>
			<string>DF10D92617D0252A0BF9C919</string>
			<key>compatibilityVersion</key>
			<string>Xcode 14.0</string>
			<key>developmentRegion</key>
			<string>en</string>
			<key>hasScannedForEncodings</key>
			<string>0</string>
			<key>knownRegions</key>
			<array>
				<string>en</string>
				<string>Base</string>
			</array>
			<key>mainGroup</key>
			<string>0D6E4079E36703EBD37C0072</string>
			<key>productRefGroup</key>
			<string>0A3E27B8CA818264D75C8D81</string>
			<key>projectDirPath</key>
			<string></string>
			<key>projectRoot</key>
			<string></string>
			<key>targets</key>
			<array>
				<string>34A04005BCAF206EEC990BD9</string>
			</array>
		</dict>
	</dict>
	<key>rootObject</key>
	<string>244210E48437B6556980A702</string>
</dict>
</plist>
